
Microsoft Visual Studio Solution File, Format Version 12.00
# Visual Studio Version 17
VisualStudioVersion = 17.11.35312.102
MinimumVisualStudioVersion = 10.0.40219.1
Project("{FAE04EC0-301F-11D3-BF4B-00C04F79EFBC}") = "zelo-core", "zelo-core.csproj", "{C3CE6A40-FB85-4627-B01B-6D1961C3AB6A}"
EndProject
Global
	GlobalSection(SolutionConfigurationPlatforms) = preSolution
		Debug|Any CPU = Debug|Any CPU
		Release|Any CPU = Release|Any CPU
	EndGlobalSection
	GlobalSection(ProjectConfigurationPlatforms) = postSolution
		{C3CE6A40-FB85-4627-B01B-6D1961C3AB6A}.Debug|Any CPU.ActiveCfg = Debug|Any CPU
		{C3CE6A40-FB85-4627-B01B-6D1961C3AB6A}.Debug|Any CPU.Build.0 = Debug|Any CPU
		{C3CE6A40-FB85-4627-B01B-6D1961C3AB6A}.Release|Any CPU.ActiveCfg = Release|Any CPU
		{C3CE6A40-FB85-4627-B01B-6D1961C3AB6A}.Release|Any CPU.Build.0 = Release|Any CPU
	EndGlobalSection
	GlobalSection(SolutionProperties) = preSolution
		HideSolutionNode = FALSE
	EndGlobalSection
	GlobalSection(ExtensibilityGlobals) = postSolution
		SolutionGuid = {1FB8556D-79AB-46CE-8283-5491730421F3}
	EndGlobalSection
EndGlobal
